// !$*UTF8*$!
{
	archiveVersion = 1;
	classes = {
	};
	objectVersion = 50;
	objects = {

/* Begin PBXBuildFile section */
		D55F1B8023CF441600E3C942 /* AppDelegate.swift in Sources */ = {isa = PBXBuildFile; fileRef = D55F1B7F23CF441600E3C942 /* AppDelegate.swift */; };
		D55F1B8223CF441600E3C942 /* SceneDelegate.swift in Sources */ = {isa = PBXBuildFile; fileRef = D55F1B8123CF441600E3C942 /* SceneDelegate.swift */; };
		D55F1B8923CF441B00E3C942 /* Assets.xcassets in Resources */ = {isa = PBXBuildFile; fileRef = D55F1B8823CF441B00E3C942 /* Assets.xcassets */; };
		D55F1B8C23CF441B00E3C942 /* LaunchScreen.storyboard in Resources */ = {isa = PBXBuildFile; fileRef = D55F1B8A23CF441B00E3C942 /* LaunchScreen.storyboard */; };
		D55F1B9523CF486000E3C942 /* EndPointType.swift in Sources */ = {isa = PBXBuildFile; fileRef = D55F1B9423CF486000E3C942 /* EndPointType.swift */; };
		D55F1B9723CF488700E3C942 /* HTTPMethod.swift in Sources */ = {isa = PBXBuildFile; fileRef = D55F1B9623CF488700E3C942 /* HTTPMethod.swift */; };
		D55F1B9923CF48F000E3C942 /* NetworkManager.swift in Sources */ = {isa = PBXBuildFile; fileRef = D55F1B9823CF48F000E3C942 /* NetworkManager.swift */; };
		D55F1B9B23CF4AB000E3C942 /* NetworkError.swift in Sources */ = {isa = PBXBuildFile; fileRef = D55F1B9A23CF4AB000E3C942 /* NetworkError.swift */; };
		D55F1B9D23CF4CB000E3C942 /* ParameterEncoder.swift in Sources */ = {isa = PBXBuildFile; fileRef = D55F1B9C23CF4CB000E3C942 /* ParameterEncoder.swift */; };
		D55F1B9F23CF4D8500E3C942 /* HTTPTask.swift in Sources */ = {isa = PBXBuildFile; fileRef = D55F1B9E23CF4D8500E3C942 /* HTTPTask.swift */; };
		D55F1BA123CF4DB800E3C942 /* ParameterEncoding.swift in Sources */ = {isa = PBXBuildFile; fileRef = D55F1BA023CF4DB800E3C942 /* ParameterEncoding.swift */; };
		D55F1BA323CF4E1B00E3C942 /* MultipartFormData.swift in Sources */ = {isa = PBXBuildFile; fileRef = D55F1BA223CF4E1B00E3C942 /* MultipartFormData.swift */; };
		D55F1BA523CF4E8500E3C942 /* NetworkRouter.swift in Sources */ = {isa = PBXBuildFile; fileRef = D55F1BA423CF4E8500E3C942 /* NetworkRouter.swift */; };
		D55F1BA723CF5CC000E3C942 /* NetworkLogger.swift in Sources */ = {isa = PBXBuildFile; fileRef = D55F1BA623CF5CC000E3C942 /* NetworkLogger.swift */; };
		D55F1BA923CF5D0500E3C942 /* PreTestAPI.swift in Sources */ = {isa = PBXBuildFile; fileRef = D55F1BA823CF5D0500E3C942 /* PreTestAPI.swift */; };
		D55F1BAB23CF60E100E3C942 /* ContentType.swift in Sources */ = {isa = PBXBuildFile; fileRef = D55F1BAA23CF60E100E3C942 /* ContentType.swift */; };
		D55F1BAE23CF655700E3C942 /* ErrorResponse.swift in Sources */ = {isa = PBXBuildFile; fileRef = D55F1BAD23CF655700E3C942 /* ErrorResponse.swift */; };
		D55F1BB023CF65E200E3C942 /* RegisterResponse.swift in Sources */ = {isa = PBXBuildFile; fileRef = D55F1BAF23CF65E200E3C942 /* RegisterResponse.swift */; };
		D55F1BB423CF6E8F00E3C942 /* LoginResponse.swift in Sources */ = {isa = PBXBuildFile; fileRef = D55F1BB323CF6E8F00E3C942 /* LoginResponse.swift */; };
		D55F1BBC23CF707100E3C942 /* RegisterController.swift in Sources */ = {isa = PBXBuildFile; fileRef = D55F1BBA23CF707100E3C942 /* RegisterController.swift */; };
		D55F1BBD23CF707100E3C942 /* RegisterController.xib in Resources */ = {isa = PBXBuildFile; fileRef = D55F1BBB23CF707100E3C942 /* RegisterController.xib */; };
		D55F1BC423CF776300E3C942 /* OTPController.swift in Sources */ = {isa = PBXBuildFile; fileRef = D55F1BC223CF776300E3C942 /* OTPController.swift */; };
		D55F1BC523CF776300E3C942 /* OTPController.xib in Resources */ = {isa = PBXBuildFile; fileRef = D55F1BC323CF776300E3C942 /* OTPController.xib */; };
		D55F1BC723CF77BC00E3C942 /* RegisterViewModel.swift in Sources */ = {isa = PBXBuildFile; fileRef = D55F1BC623CF77BC00E3C942 /* RegisterViewModel.swift */; };
		D55F1BC923CF7D1500E3C942 /* OTPViewModel.swift in Sources */ = {isa = PBXBuildFile; fileRef = D55F1BC823CF7D1500E3C942 /* OTPViewModel.swift */; };
		D55F1BCC23CF84E100E3C942 /* Constant.swift in Sources */ = {isa = PBXBuildFile; fileRef = D55F1BCB23CF84E100E3C942 /* Constant.swift */; };
		D55F1BCE23CF908900E3C942 /* ProfileResponse.swift in Sources */ = {isa = PBXBuildFile; fileRef = D55F1BCD23CF908900E3C942 /* ProfileResponse.swift */; };
		D55F1BD523CF943700E3C942 /* ProfileController.swift in Sources */ = {isa = PBXBuildFile; fileRef = D55F1BD323CF943700E3C942 /* ProfileController.swift */; };
		D55F1BD623CF943700E3C942 /* ProfileController.xib in Resources */ = {isa = PBXBuildFile; fileRef = D55F1BD423CF943700E3C942 /* ProfileController.xib */; };
		D55F1BD823CFF6F800E3C942 /* ProfileViewModel.swift in Sources */ = {isa = PBXBuildFile; fileRef = D55F1BD723CFF6F800E3C942 /* ProfileViewModel.swift */; };
		D55F1BDA23CFFB5100E3C942 /* UIImageView+Extension.swift in Sources */ = {isa = PBXBuildFile; fileRef = D55F1BD923CFFB5100E3C942 /* UIImageView+Extension.swift */; };
		D55F1BDC23D0030600E3C942 /* LogoutResponse.swift in Sources */ = {isa = PBXBuildFile; fileRef = D55F1BDB23D0030600E3C942 /* LogoutResponse.swift */; };
		D55F1BE323D0063A00E3C942 /* LoginController.swift in Sources */ = {isa = PBXBuildFile; fileRef = D55F1BE123D0063A00E3C942 /* LoginController.swift */; };
		D55F1BE423D0063A00E3C942 /* LoginController.xib in Resources */ = {isa = PBXBuildFile; fileRef = D55F1BE223D0063A00E3C942 /* LoginController.xib */; };
		D55F1BE623D00CEF00E3C942 /* LoginViewModel.swift in Sources */ = {isa = PBXBuildFile; fileRef = D55F1BE523D00CEF00E3C942 /* LoginViewModel.swift */; };
		D55F1BE823D060DE00E3C942 /* UserLocationManager.swift in Sources */ = {isa = PBXBuildFile; fileRef = D55F1BE723D060DE00E3C942 /* UserLocationManager.swift */; };
		D55F1BEF23D06A6000E3C942 /* CareerController.swift in Sources */ = {isa = PBXBuildFile; fileRef = D55F1BED23D06A6000E3C942 /* CareerController.swift */; };
		D55F1BF023D06A6000E3C942 /* CareerController.xib in Resources */ = {isa = PBXBuildFile; fileRef = D55F1BEE23D06A6000E3C942 /* CareerController.xib */; };
		D55F1BF723D06B1F00E3C942 /* EducationController.swift in Sources */ = {isa = PBXBuildFile; fileRef = D55F1BF523D06B1F00E3C942 /* EducationController.swift */; };
		D55F1BF823D06B1F00E3C942 /* EducationController.xib in Resources */ = {isa = PBXBuildFile; fileRef = D55F1BF623D06B1F00E3C942 /* EducationController.xib */; };
		D55F1BFA23D06CF000E3C942 /* EducationViewModel.swift in Sources */ = {isa = PBXBuildFile; fileRef = D55F1BF923D06CF000E3C942 /* EducationViewModel.swift */; };
		D55F1BFC23D0721100E3C942 /* Date+Extension.swift in Sources */ = {isa = PBXBuildFile; fileRef = D55F1BFB23D0721100E3C942 /* Date+Extension.swift */; };
		D55F1BFE23D072A900E3C942 /* String+Extension.swift in Sources */ = {isa = PBXBuildFile; fileRef = D55F1BFD23D072A900E3C942 /* String+Extension.swift */; };
		D55F1C0023D0763000E3C942 /* CareerViewModel.swift in Sources */ = {isa = PBXBuildFile; fileRef = D55F1BFF23D0763000E3C942 /* CareerViewModel.swift */; };
		D55F1C0223D0941100E3C942 /* AttachmentHandler.swift in Sources */ = {isa = PBXBuildFile; fileRef = D55F1C0123D0941100E3C942 /* AttachmentHandler.swift */; };
		D55F1C0423D099BF00E3C942 /* Media.swift in Sources */ = {isa = PBXBuildFile; fileRef = D55F1C0323D099BF00E3C942 /* Media.swift */; };
		D55F1C0623D09BA200E3C942 /* CoverResponse.swift in Sources */ = {isa = PBXBuildFile; fileRef = D55F1C0523D09BA200E3C942 /* CoverResponse.swift */; };
		D55F1C0823D0A37100E3C942 /* UIAlertController+Extension.swift in Sources */ = {isa = PBXBuildFile; fileRef = D55F1C0723D0A37100E3C942 /* UIAlertController+Extension.swift */; };
/* End PBXBuildFile section */

/* Begin PBXFileReference section */
		D55F1B7C23CF441600E3C942 /* PreTest.app */ = {isa = PBXFileReference; explicitFileType = wrapper.application; includeInIndex = 0; path = PreTest.app; sourceTree = BUILT_PRODUCTS_DIR; };
		D55F1B7F23CF441600E3C942 /* AppDelegate.swift */ = {isa = PBXFileReference; lastKnownFileType = sourcecode.swift; path = AppDelegate.swift; sourceTree = "<group>"; };
		D55F1B8123CF441600E3C942 /* SceneDelegate.swift */ = {isa = PBXFileReference; lastKnownFileType = sourcecode.swift; path = SceneDelegate.swift; sourceTree = "<group>"; };
		D55F1B8823CF441B00E3C942 /* Assets.xcassets */ = {isa = PBXFileReference; lastKnownFileType = folder.assetcatalog; path = Assets.xcassets; sourceTree = "<group>"; };
		D55F1B8B23CF441B00E3C942 /* Base */ = {isa = PBXFileReference; lastKnownFileType = file.storyboard; name = Base; path = Base.lproj/LaunchScreen.storyboard; sourceTree = "<group>"; };
		D55F1B8D23CF441B00E3C942 /* Info.plist */ = {isa = PBXFileReference; lastKnownFileType = text.plist.xml; path = Info.plist; sourceTree = "<group>"; };
		D55F1B9423CF486000E3C942 /* EndPointType.swift */ = {isa = PBXFileReference; lastKnownFileType = sourcecode.swift; path = EndPointType.swift; sourceTree = "<group>"; };
		D55F1B9623CF488700E3C942 /* HTTPMethod.swift */ = {isa = PBXFileReference; lastKnownFileType = sourcecode.swift; path = HTTPMethod.swift; sourceTree = "<group>"; };
		D55F1B9823CF48F000E3C942 /* NetworkManager.swift */ = {isa = PBXFileReference; lastKnownFileType = sourcecode.swift; path = NetworkManager.swift; sourceTree = "<group>"; };
		D55F1B9A23CF4AB000E3C942 /* NetworkError.swift */ = {isa = PBXFileReference; lastKnownFileType = sourcecode.swift; path = NetworkError.swift; sourceTree = "<group>"; };
		D55F1B9C23CF4CB000E3C942 /* ParameterEncoder.swift */ = {isa = PBXFileReference; lastKnownFileType = sourcecode.swift; path = ParameterEncoder.swift; sourceTree = "<group>"; };
		D55F1B9E23CF4D8500E3C942 /* HTTPTask.swift */ = {isa = PBXFileReference; lastKnownFileType = sourcecode.swift; path = HTTPTask.swift; sourceTree = "<group>"; };
		D55F1BA023CF4DB800E3C942 /* ParameterEncoding.swift */ = {isa = PBXFileReference; lastKnownFileType = sourcecode.swift; path = ParameterEncoding.swift; sourceTree = "<group>"; };
		D55F1BA223CF4E1B00E3C942 /* MultipartFormData.swift */ = {isa = PBXFileReference; lastKnownFileType = sourcecode.swift; path = MultipartFormData.swift; sourceTree = "<group>"; };
		D55F1BA423CF4E8500E3C942 /* NetworkRouter.swift */ = {isa = PBXFileReference; lastKnownFileType = sourcecode.swift; path = NetworkRouter.swift; sourceTree = "<group>"; };
		D55F1BA623CF5CC000E3C942 /* NetworkLogger.swift */ = {isa = PBXFileReference; lastKnownFileType = sourcecode.swift; path = NetworkLogger.swift; sourceTree = "<group>"; };
		D55F1BA823CF5D0500E3C942 /* PreTestAPI.swift */ = {isa = PBXFileReference; lastKnownFileType = sourcecode.swift; path = PreTestAPI.swift; sourceTree = "<group>"; };
		D55F1BAA23CF60E100E3C942 /* ContentType.swift */ = {isa = PBXFileReference; lastKnownFileType = sourcecode.swift; path = ContentType.swift; sourceTree = "<group>"; };
		D55F1BAD23CF655700E3C942 /* ErrorResponse.swift */ = {isa = PBXFileReference; lastKnownFileType = sourcecode.swift; path = ErrorResponse.swift; sourceTree = "<group>"; };
		D55F1BAF23CF65E200E3C942 /* RegisterResponse.swift */ = {isa = PBXFileReference; lastKnownFileType = sourcecode.swift; path = RegisterResponse.swift; sourceTree = "<group>"; };
		D55F1BB323CF6E8F00E3C942 /* LoginResponse.swift */ = {isa = PBXFileReference; lastKnownFileType = sourcecode.swift; path = LoginResponse.swift; sourceTree = "<group>"; };
		D55F1BBA23CF707100E3C942 /* RegisterController.swift */ = {isa = PBXFileReference; lastKnownFileType = sourcecode.swift; path = RegisterController.swift; sourceTree = "<group>"; };
		D55F1BBB23CF707100E3C942 /* RegisterController.xib */ = {isa = PBXFileReference; lastKnownFileType = file.xib; path = RegisterController.xib; sourceTree = "<group>"; };
		D55F1BC223CF776300E3C942 /* OTPController.swift */ = {isa = PBXFileReference; lastKnownFileType = sourcecode.swift; path = OTPController.swift; sourceTree = "<group>"; };
		D55F1BC323CF776300E3C942 /* OTPController.xib */ = {isa = PBXFileReference; lastKnownFileType = file.xib; path = OTPController.xib; sourceTree = "<group>"; };
		D55F1BC623CF77BC00E3C942 /* RegisterViewModel.swift */ = {isa = PBXFileReference; lastKnownFileType = sourcecode.swift; path = RegisterViewModel.swift; sourceTree = "<group>"; };
		D55F1BC823CF7D1500E3C942 /* OTPViewModel.swift */ = {isa = PBXFileReference; lastKnownFileType = sourcecode.swift; path = OTPViewModel.swift; sourceTree = "<group>"; };
		D55F1BCB23CF84E100E3C942 /* Constant.swift */ = {isa = PBXFileReference; lastKnownFileType = sourcecode.swift; path = Constant.swift; sourceTree = "<group>"; };
		D55F1BCD23CF908900E3C942 /* ProfileResponse.swift */ = {isa = PBXFileReference; lastKnownFileType = sourcecode.swift; path = ProfileResponse.swift; sourceTree = "<group>"; };
		D55F1BD323CF943700E3C942 /* ProfileController.swift */ = {isa = PBXFileReference; lastKnownFileType = sourcecode.swift; path = ProfileController.swift; sourceTree = "<group>"; };
		D55F1BD423CF943700E3C942 /* ProfileController.xib */ = {isa = PBXFileReference; lastKnownFileType = file.xib; path = ProfileController.xib; sourceTree = "<group>"; };
		D55F1BD723CFF6F800E3C942 /* ProfileViewModel.swift */ = {isa = PBXFileReference; lastKnownFileType = sourcecode.swift; path = ProfileViewModel.swift; sourceTree = "<group>"; };
		D55F1BD923CFFB5100E3C942 /* UIImageView+Extension.swift */ = {isa = PBXFileReference; lastKnownFileType = sourcecode.swift; path = "UIImageView+Extension.swift"; sourceTree = "<group>"; };
		D55F1BDB23D0030600E3C942 /* LogoutResponse.swift */ = {isa = PBXFileReference; lastKnownFileType = sourcecode.swift; path = LogoutResponse.swift; sourceTree = "<group>"; };
		D55F1BE123D0063A00E3C942 /* LoginController.swift */ = {isa = PBXFileReference; lastKnownFileType = sourcecode.swift; path = LoginController.swift; sourceTree = "<group>"; };
		D55F1BE223D0063A00E3C942 /* LoginController.xib */ = {isa = PBXFileReference; lastKnownFileType = file.xib; path = LoginController.xib; sourceTree = "<group>"; };
		D55F1BE523D00CEF00E3C942 /* LoginViewModel.swift */ = {isa = PBXFileReference; lastKnownFileType = sourcecode.swift; path = LoginViewModel.swift; sourceTree = "<group>"; };
		D55F1BE723D060DE00E3C942 /* UserLocationManager.swift */ = {isa = PBXFileReference; lastKnownFileType = sourcecode.swift; path = UserLocationManager.swift; sourceTree = "<group>"; };
		D55F1BED23D06A6000E3C942 /* CareerController.swift */ = {isa = PBXFileReference; lastKnownFileType = sourcecode.swift; path = CareerController.swift; sourceTree = "<group>"; };
		D55F1BEE23D06A6000E3C942 /* CareerController.xib */ = {isa = PBXFileReference; lastKnownFileType = file.xib; path = CareerController.xib; sourceTree = "<group>"; };
		D55F1BF523D06B1F00E3C942 /* EducationController.swift */ = {isa = PBXFileReference; lastKnownFileType = sourcecode.swift; path = EducationController.swift; sourceTree = "<group>"; };
		D55F1BF623D06B1F00E3C942 /* EducationController.xib */ = {isa = PBXFileReference; lastKnownFileType = file.xib; path = EducationController.xib; sourceTree = "<group>"; };
		D55F1BF923D06CF000E3C942 /* EducationViewModel.swift */ = {isa = PBXFileReference; lastKnownFileType = sourcecode.swift; path = EducationViewModel.swift; sourceTree = "<group>"; };
		D55F1BFB23D0721100E3C942 /* Date+Extension.swift */ = {isa = PBXFileReference; lastKnownFileType = sourcecode.swift; path = "Date+Extension.swift"; sourceTree = "<group>"; };
		D55F1BFD23D072A900E3C942 /* String+Extension.swift */ = {isa = PBXFileReference; lastKnownFileType = sourcecode.swift; path = "String+Extension.swift"; sourceTree = "<group>"; };
		D55F1BFF23D0763000E3C942 /* CareerViewModel.swift */ = {isa = PBXFileReference; lastKnownFileType = sourcecode.swift; path = CareerViewModel.swift; sourceTree = "<group>"; };
		D55F1C0123D0941100E3C942 /* AttachmentHandler.swift */ = {isa = PBXFileReference; lastKnownFileType = sourcecode.swift; path = AttachmentHandler.swift; sourceTree = "<group>"; };
		D55F1C0323D099BF00E3C942 /* Media.swift */ = {isa = PBXFileReference; lastKnownFileType = sourcecode.swift; path = Media.swift; sourceTree = "<group>"; };
		D55F1C0523D09BA200E3C942 /* CoverResponse.swift */ = {isa = PBXFileReference; lastKnownFileType = sourcecode.swift; path = CoverResponse.swift; sourceTree = "<group>"; };
		D55F1C0723D0A37100E3C942 /* UIAlertController+Extension.swift */ = {isa = PBXFileReference; lastKnownFileType = sourcecode.swift; path = "UIAlertController+Extension.swift"; sourceTree = "<group>"; };
/* End PBXFileReference section */

/* Begin PBXFrameworksBuildPhase section */
		D55F1B7923CF441600E3C942 /* Frameworks */ = {
			isa = PBXFrameworksBuildPhase;
			buildActionMask = 2147483647;
			files = (
			);
			runOnlyForDeploymentPostprocessing = 0;
		};
/* End PBXFrameworksBuildPhase section */

/* Begin PBXGroup section */
		D55F1B7323CF441600E3C942 = {
			isa = PBXGroup;
			children = (
				D55F1B7E23CF441600E3C942 /* PreTest */,
				D55F1B7D23CF441600E3C942 /* Products */,
			);
			sourceTree = "<group>";
		};
		D55F1B7D23CF441600E3C942 /* Products */ = {
			isa = PBXGroup;
			children = (
				D55F1B7C23CF441600E3C942 /* PreTest.app */,
			);
			name = Products;
			sourceTree = "<group>";
		};
		D55F1B7E23CF441600E3C942 /* PreTest */ = {
			isa = PBXGroup;
			children = (
				D55F1BCA23CF84D700E3C942 /* Common */,
				D55F1BB523CF705A00E3C942 /* Modules */,
				D55F1B9323CF485200E3C942 /* Service */,
				D55F1B7F23CF441600E3C942 /* AppDelegate.swift */,
				D55F1B8123CF441600E3C942 /* SceneDelegate.swift */,
				D55F1B8823CF441B00E3C942 /* Assets.xcassets */,
				D55F1B8A23CF441B00E3C942 /* LaunchScreen.storyboard */,
				D55F1B8D23CF441B00E3C942 /* Info.plist */,
			);
			path = PreTest;
			sourceTree = "<group>";
		};
		D55F1B9323CF485200E3C942 /* Service */ = {
			isa = PBXGroup;
			children = (
				D55F1BAC23CF654F00E3C942 /* Model */,
				D55F1B9423CF486000E3C942 /* EndPointType.swift */,
				D55F1B9623CF488700E3C942 /* HTTPMethod.swift */,
				D55F1B9823CF48F000E3C942 /* NetworkManager.swift */,
				D55F1B9A23CF4AB000E3C942 /* NetworkError.swift */,
				D55F1B9C23CF4CB000E3C942 /* ParameterEncoder.swift */,
				D55F1B9E23CF4D8500E3C942 /* HTTPTask.swift */,
				D55F1BA023CF4DB800E3C942 /* ParameterEncoding.swift */,
				D55F1BA223CF4E1B00E3C942 /* MultipartFormData.swift */,
				D55F1BA423CF4E8500E3C942 /* NetworkRouter.swift */,
				D55F1BA623CF5CC000E3C942 /* NetworkLogger.swift */,
				D55F1BA823CF5D0500E3C942 /* PreTestAPI.swift */,
				D55F1BAA23CF60E100E3C942 /* ContentType.swift */,
			);
			path = Service;
			sourceTree = "<group>";
		};
		D55F1BAC23CF654F00E3C942 /* Model */ = {
			isa = PBXGroup;
			children = (
				D55F1BAD23CF655700E3C942 /* ErrorResponse.swift */,
				D55F1BAF23CF65E200E3C942 /* RegisterResponse.swift */,
				D55F1BB323CF6E8F00E3C942 /* LoginResponse.swift */,
				D55F1BCD23CF908900E3C942 /* ProfileResponse.swift */,
				D55F1BDB23D0030600E3C942 /* LogoutResponse.swift */,
				D55F1C0523D09BA200E3C942 /* CoverResponse.swift */,
			);
			path = Model;
			sourceTree = "<group>";
		};
		D55F1BB523CF705A00E3C942 /* Modules */ = {
			isa = PBXGroup;
			children = (
				D55F1BF123D06B0400E3C942 /* UpdateEducation */,
				D55F1BE923D06A4500E3C942 /* UpdateCareer */,
				D55F1BDD23D0062900E3C942 /* Login */,
				D55F1BCF23CF942700E3C942 /* Profile */,
				D55F1BBE23CF775400E3C942 /* OTPPage */,
				D55F1BB623CF705A00E3C942 /* RegisterPage */,
			);
			path = Modules;
			sourceTree = "<group>";
		};
		D55F1BB623CF705A00E3C942 /* RegisterPage */ = {
			isa = PBXGroup;
			children = (
				D55F1BB723CF705A00E3C942 /* ViewModel */,
				D55F1BB823CF705A00E3C942 /* Model */,
				D55F1BB923CF705A00E3C942 /* View */,
			);
			path = RegisterPage;
			sourceTree = "<group>";
		};
		D55F1BB723CF705A00E3C942 /* ViewModel */ = {
			isa = PBXGroup;
			children = (
				D55F1BC623CF77BC00E3C942 /* RegisterViewModel.swift */,
			);
			path = ViewModel;
			sourceTree = "<group>";
		};
		D55F1BB823CF705A00E3C942 /* Model */ = {
			isa = PBXGroup;
			children = (
			);
			path = Model;
			sourceTree = "<group>";
		};
		D55F1BB923CF705A00E3C942 /* View */ = {
			isa = PBXGroup;
			children = (
				D55F1BBA23CF707100E3C942 /* RegisterController.swift */,
				D55F1BBB23CF707100E3C942 /* RegisterController.xib */,
			);
			path = View;
			sourceTree = "<group>";
		};
		D55F1BBE23CF775400E3C942 /* OTPPage */ = {
			isa = PBXGroup;
			children = (
				D55F1BBF23CF775400E3C942 /* ViewModel */,
				D55F1BC023CF775400E3C942 /* Model */,
				D55F1BC123CF775400E3C942 /* View */,
			);
			path = OTPPage;
			sourceTree = "<group>";
		};
		D55F1BBF23CF775400E3C942 /* ViewModel */ = {
			isa = PBXGroup;
			children = (
				D55F1BC823CF7D1500E3C942 /* OTPViewModel.swift */,
			);
			path = ViewModel;
			sourceTree = "<group>";
		};
		D55F1BC023CF775400E3C942 /* Model */ = {
			isa = PBXGroup;
			children = (
			);
			path = Model;
			sourceTree = "<group>";
		};
		D55F1BC123CF775400E3C942 /* View */ = {
			isa = PBXGroup;
			children = (
				D55F1BC223CF776300E3C942 /* OTPController.swift */,
				D55F1BC323CF776300E3C942 /* OTPController.xib */,
			);
			path = View;
			sourceTree = "<group>";
		};
		D55F1BCA23CF84D700E3C942 /* Common */ = {
			isa = PBXGroup;
			children = (
				D55F1BCB23CF84E100E3C942 /* Constant.swift */,
				D55F1BD923CFFB5100E3C942 /* UIImageView+Extension.swift */,
				D55F1BE723D060DE00E3C942 /* UserLocationManager.swift */,
				D55F1BFB23D0721100E3C942 /* Date+Extension.swift */,
				D55F1BFD23D072A900E3C942 /* String+Extension.swift */,
				D55F1C0123D0941100E3C942 /* AttachmentHandler.swift */,
				D55F1C0323D099BF00E3C942 /* Media.swift */,
				D55F1C0723D0A37100E3C942 /* UIAlertController+Extension.swift */,
			);
			path = Common;
			sourceTree = "<group>";
		};
		D55F1BCF23CF942700E3C942 /* Profile */ = {
			isa = PBXGroup;
			children = (
				D55F1BD023CF942700E3C942 /* ViewModel */,
				D55F1BD123CF942700E3C942 /* Model */,
				D55F1BD223CF942700E3C942 /* View */,
			);
			path = Profile;
			sourceTree = "<group>";
		};
		D55F1BD023CF942700E3C942 /* ViewModel */ = {
			isa = PBXGroup;
			children = (
				D55F1BD723CFF6F800E3C942 /* ProfileViewModel.swift */,
			);
			path = ViewModel;
			sourceTree = "<group>";
		};
		D55F1BD123CF942700E3C942 /* Model */ = {
			isa = PBXGroup;
			children = (
			);
			path = Model;
			sourceTree = "<group>";
		};
		D55F1BD223CF942700E3C942 /* View */ = {
			isa = PBXGroup;
			children = (
				D55F1BD323CF943700E3C942 /* ProfileController.swift */,
				D55F1BD423CF943700E3C942 /* ProfileController.xib */,
			);
			path = View;
			sourceTree = "<group>";
		};
		D55F1BDD23D0062900E3C942 /* Login */ = {
			isa = PBXGroup;
			children = (
				D55F1BDE23D0062900E3C942 /* ViewModel */,
				D55F1BDF23D0062900E3C942 /* Model */,
				D55F1BE023D0062900E3C942 /* View */,
			);
			path = Login;
			sourceTree = "<group>";
		};
		D55F1BDE23D0062900E3C942 /* ViewModel */ = {
			isa = PBXGroup;
			children = (
				D55F1BE523D00CEF00E3C942 /* LoginViewModel.swift */,
			);
			path = ViewModel;
			sourceTree = "<group>";
		};
		D55F1BDF23D0062900E3C942 /* Model */ = {
			isa = PBXGroup;
			children = (
			);
			path = Model;
			sourceTree = "<group>";
		};
		D55F1BE023D0062900E3C942 /* View */ = {
			isa = PBXGroup;
			children = (
				D55F1BE123D0063A00E3C942 /* LoginController.swift */,
				D55F1BE223D0063A00E3C942 /* LoginController.xib */,
			);
			path = View;
			sourceTree = "<group>";
		};
		D55F1BE923D06A4500E3C942 /* UpdateCareer */ = {
			isa = PBXGroup;
			children = (
				D55F1BEA23D06A4500E3C942 /* ViewModel */,
				D55F1BEB23D06A4500E3C942 /* Model */,
				D55F1BEC23D06A4500E3C942 /* View */,
			);
			path = UpdateCareer;
			sourceTree = "<group>";
		};
		D55F1BEA23D06A4500E3C942 /* ViewModel */ = {
			isa = PBXGroup;
			children = (
				D55F1BFF23D0763000E3C942 /* CareerViewModel.swift */,
			);
			path = ViewModel;
			sourceTree = "<group>";
		};
		D55F1BEB23D06A4500E3C942 /* Model */ = {
			isa = PBXGroup;
			children = (
			);
			path = Model;
			sourceTree = "<group>";
		};
		D55F1BEC23D06A4500E3C942 /* View */ = {
			isa = PBXGroup;
			children = (
				D55F1BED23D06A6000E3C942 /* CareerController.swift */,
				D55F1BEE23D06A6000E3C942 /* CareerController.xib */,
			);
			path = View;
			sourceTree = "<group>";
		};
		D55F1BF123D06B0400E3C942 /* UpdateEducation */ = {
			isa = PBXGroup;
			children = (
				D55F1BF223D06B0400E3C942 /* ViewModel */,
				D55F1BF323D06B0400E3C942 /* Model */,
				D55F1BF423D06B0400E3C942 /* View */,
			);
			path = UpdateEducation;
			sourceTree = "<group>";
		};
		D55F1BF223D06B0400E3C942 /* ViewModel */ = {
			isa = PBXGroup;
			children = (
				D55F1BF923D06CF000E3C942 /* EducationViewModel.swift */,
			);
			path = ViewModel;
			sourceTree = "<group>";
		};
		D55F1BF323D06B0400E3C942 /* Model */ = {
			isa = PBXGroup;
			children = (
			);
			path = Model;
			sourceTree = "<group>";
		};
		D55F1BF423D06B0400E3C942 /* View */ = {
			isa = PBXGroup;
			children = (
				D55F1BF523D06B1F00E3C942 /* EducationController.swift */,
				D55F1BF623D06B1F00E3C942 /* EducationController.xib */,
			);
			path = View;
			sourceTree = "<group>";
		};
/* End PBXGroup section */

/* Begin PBXNativeTarget section */
		D55F1B7B23CF441600E3C942 /* PreTest */ = {
			isa = PBXNativeTarget;
			buildConfigurationList = D55F1B9023CF441B00E3C942 /* Build configuration list for PBXNativeTarget "PreTest" */;
			buildPhases = (
				D55F1B7823CF441600E3C942 /* Sources */,
				D55F1B7923CF441600E3C942 /* Frameworks */,
				D55F1B7A23CF441600E3C942 /* Resources */,
			);
			buildRules = (
			);
			dependencies = (
			);
			name = PreTest;
			productName = PreTest;
			productReference = D55F1B7C23CF441600E3C942 /* PreTest.app */;
			productType = "com.apple.product-type.application";
		};
/* End PBXNativeTarget section */

/* Begin PBXProject section */
		D55F1B7423CF441600E3C942 /* Project object */ = {
			isa = PBXProject;
			attributes = {
				LastSwiftUpdateCheck = 1130;
				LastUpgradeCheck = 1130;
				ORGANIZATIONNAME = alpiopio;
				TargetAttributes = {
					D55F1B7B23CF441600E3C942 = {
						CreatedOnToolsVersion = 11.3;
					};
				};
			};
			buildConfigurationList = D55F1B7723CF441600E3C942 /* Build configuration list for PBXProject "PreTest" */;
			compatibilityVersion = "Xcode 9.3";
			developmentRegion = en;
			hasScannedForEncodings = 0;
			knownRegions = (
				en,
				Base,
			);
			mainGroup = D55F1B7323CF441600E3C942;
			productRefGroup = D55F1B7D23CF441600E3C942 /* Products */;
			projectDirPath = "";
			projectRoot = "";
			targets = (
				D55F1B7B23CF441600E3C942 /* PreTest */,
			);
		};
/* End PBXProject section */

/* Begin PBXResourcesBuildPhase section */
		D55F1B7A23CF441600E3C942 /* Resources */ = {
			isa = PBXResourcesBuildPhase;
			buildActionMask = 2147483647;
			files = (
				D55F1BF823D06B1F00E3C942 /* EducationController.xib in Resources */,
				D55F1BD623CF943700E3C942 /* ProfileController.xib in Resources */,
				D55F1BE423D0063A00E3C942 /* LoginController.xib in Resources */,
				D55F1BF023D06A6000E3C942 /* CareerController.xib in Resources */,
				D55F1B8C23CF441B00E3C942 /* LaunchScreen.storyboard in Resources */,
				D55F1BC523CF776300E3C942 /* OTPController.xib in Resources */,
				D55F1B8923CF441B00E3C942 /* Assets.xcassets in Resources */,
				D55F1BBD23CF707100E3C942 /* RegisterController.xib in Resources */,
			);
			runOnlyForDeploymentPostprocessing = 0;
		};
/* End PBXResourcesBuildPhase section */

/* Begin PBXSourcesBuildPhase section */
		D55F1B7823CF441600E3C942 /* Sources */ = {
			isa = PBXSourcesBuildPhase;
			buildActionMask = 2147483647;
			files = (
				D55F1C0423D099BF00E3C942 /* Media.swift in Sources */,
				D55F1BEF23D06A6000E3C942 /* CareerController.swift in Sources */,
				D55F1BDC23D0030600E3C942 /* LogoutResponse.swift in Sources */,
				D55F1BD823CFF6F800E3C942 /* ProfileViewModel.swift in Sources */,
				D55F1BA923CF5D0500E3C942 /* PreTestAPI.swift in Sources */,
				D55F1BDA23CFFB5100E3C942 /* UIImageView+Extension.swift in Sources */,
				D55F1BC423CF776300E3C942 /* OTPController.swift in Sources */,
				D55F1BE823D060DE00E3C942 /* UserLocationManager.swift in Sources */,
				D55F1B9923CF48F000E3C942 /* NetworkManager.swift in Sources */,
				D55F1BFE23D072A900E3C942 /* String+Extension.swift in Sources */,
				D55F1B9B23CF4AB000E3C942 /* NetworkError.swift in Sources */,
				D55F1BFC23D0721100E3C942 /* Date+Extension.swift in Sources */,
				D55F1C0623D09BA200E3C942 /* CoverResponse.swift in Sources */,
				D55F1BA123CF4DB800E3C942 /* ParameterEncoding.swift in Sources */,
				D55F1B9D23CF4CB000E3C942 /* ParameterEncoder.swift in Sources */,
				D55F1BAB23CF60E100E3C942 /* ContentType.swift in Sources */,
				D55F1BB423CF6E8F00E3C942 /* LoginResponse.swift in Sources */,
				D55F1B9F23CF4D8500E3C942 /* HTTPTask.swift in Sources */,
				D55F1BAE23CF655700E3C942 /* ErrorResponse.swift in Sources */,
				D55F1BE323D0063A00E3C942 /* LoginController.swift in Sources */,
				D55F1BA723CF5CC000E3C942 /* NetworkLogger.swift in Sources */,
				D55F1BC723CF77BC00E3C942 /* RegisterViewModel.swift in Sources */,
				D55F1BBC23CF707100E3C942 /* RegisterController.swift in Sources */,
				D55F1BA523CF4E8500E3C942 /* NetworkRouter.swift in Sources */,
				D55F1BF723D06B1F00E3C942 /* EducationController.swift in Sources */,
				D55F1BA323CF4E1B00E3C942 /* MultipartFormData.swift in Sources */,
				D55F1C0823D0A37100E3C942 /* UIAlertController+Extension.swift in Sources */,
				D55F1BCE23CF908900E3C942 /* ProfileResponse.swift in Sources */,
				D55F1B9523CF486000E3C942 /* EndPointType.swift in Sources */,
				D55F1B8023CF441600E3C942 /* AppDelegate.swift in Sources */,
				D55F1B9723CF488700E3C942 /* HTTPMethod.swift in Sources */,
				D55F1B8223CF441600E3C942 /* SceneDelegate.swift in Sources */,
				D55F1BCC23CF84E100E3C942 /* Constant.swift in Sources */,
				D55F1BB023CF65E200E3C942 /* RegisterResponse.swift in Sources */,
				D55F1BFA23D06CF000E3C942 /* EducationViewModel.swift in Sources */,
				D55F1BE623D00CEF00E3C942 /* LoginViewModel.swift in Sources */,
				D55F1BC923CF7D1500E3C942 /* OTPViewModel.swift in Sources */,
				D55F1C0023D0763000E3C942 /* CareerViewModel.swift in Sources */,
				D55F1C0223D0941100E3C942 /* AttachmentHandler.swift in Sources */,
				D55F1BD523CF943700E3C942 /* ProfileController.swift in Sources */,
			);
			runOnlyForDeploymentPostprocessing = 0;
		};
/* End PBXSourcesBuildPhase section */

/* Begin PBXVariantGroup section */
		D55F1B8A23CF441B00E3C942 /* LaunchScreen.storyboard */ = {
			isa = PBXVariantGroup;
			children = (
				D55F1B8B23CF441B00E3C942 /* Base */,
			);
			name = LaunchScreen.storyboard;
			sourceTree = "<group>";
		};
/* End PBXVariantGroup section */

/* Begin XCBuildConfiguration section */
		D55F1B8E23CF441B00E3C942 /* Debug */ = {
			isa = XCBuildConfiguration;
			buildSettings = {
				ALWAYS_SEARCH_USER_PATHS = NO;
				CLANG_ANALYZER_NONNULL = YES;
				CLANG_ANALYZER_NUMBER_OBJECT_CONVERSION = YES_AGGRESSIVE;
				CLANG_CXX_LANGUAGE_STANDARD = "gnu++14";
				CLANG_CXX_LIBRARY = "libc++";
				CLANG_ENABLE_MODULES = YES;
				CLANG_ENABLE_OBJC_ARC = YES;
				CLANG_ENABLE_OBJC_WEAK = YES;
				CLANG_WARN_BLOCK_CAPTURE_AUTORELEASING = YES;
				CLANG_WARN_BOOL_CONVERSION = YES;
				CLANG_WARN_COMMA = YES;
				CLANG_WARN_CONSTANT_CONVERSION = YES;
				CLANG_WARN_DEPRECATED_OBJC_IMPLEMENTATIONS = YES;
				CLANG_WARN_DIRECT_OBJC_ISA_USAGE = YES_ERROR;
				CLANG_WARN_DOCUMENTATION_COMMENTS = YES;
				CLANG_WARN_EMPTY_BODY = YES;
				CLANG_WARN_ENUM_CONVERSION = YES;
				CLANG_WARN_INFINITE_RECURSION = YES;
				CLANG_WARN_INT_CONVERSION = YES;
				CLANG_WARN_NON_LITERAL_NULL_CONVERSION = YES;
				CLANG_WARN_OBJC_IMPLICIT_RETAIN_SELF = YES;
				CLANG_WARN_OBJC_LITERAL_CONVERSION = YES;
				CLANG_WARN_OBJC_ROOT_CLASS = YES_ERROR;
				CLANG_WARN_RANGE_LOOP_ANALYSIS = YES;
				CLANG_WARN_STRICT_PROTOTYPES = YES;
				CLANG_WARN_SUSPICIOUS_MOVE = YES;
				CLANG_WARN_UNGUARDED_AVAILABILITY = YES_AGGRESSIVE;
				CLANG_WARN_UNREACHABLE_CODE = YES;
				CLANG_WARN__DUPLICATE_METHOD_MATCH = YES;
				COPY_PHASE_STRIP = NO;
				DEBUG_INFORMATION_FORMAT = dwarf;
				ENABLE_STRICT_OBJC_MSGSEND = YES;
				ENABLE_TESTABILITY = YES;
				GCC_C_LANGUAGE_STANDARD = gnu11;
				GCC_DYNAMIC_NO_PIC = NO;
				GCC_NO_COMMON_BLOCKS = YES;
				GCC_OPTIMIZATION_LEVEL = 0;
				GCC_PREPROCESSOR_DEFINITIONS = (
					"DEBUG=1",
					"$(inherited)",
				);
				GCC_WARN_64_TO_32_BIT_CONVERSION = YES;
				GCC_WARN_ABOUT_RETURN_TYPE = YES_ERROR;
				GCC_WARN_UNDECLARED_SELECTOR = YES;
				GCC_WARN_UNINITIALIZED_AUTOS = YES_AGGRESSIVE;
				GCC_WARN_UNUSED_FUNCTION = YES;
				GCC_WARN_UNUSED_VARIABLE = YES;
				IPHONEOS_DEPLOYMENT_TARGET = 13.2;
				MTL_ENABLE_DEBUG_INFO = INCLUDE_SOURCE;
				MTL_FAST_MATH = YES;
				ONLY_ACTIVE_ARCH = YES;
				SDKROOT = iphoneos;
				SWIFT_ACTIVE_COMPILATION_CONDITIONS = DEBUG;
				SWIFT_OPTIMIZATION_LEVEL = "-Onone";
			};
			name = Debug;
		};
		D55F1B8F23CF441B00E3C942 /* Release */ = {
			isa = XCBuildConfiguration;
			buildSettings = {
				ALWAYS_SEARCH_USER_PATHS = NO;
				CLANG_ANALYZER_NONNULL = YES;
				CLANG_ANALYZER_NUMBER_OBJECT_CONVERSION = YES_AGGRESSIVE;
				CLANG_CXX_LANGUAGE_STANDARD = "gnu++14";
				CLANG_CXX_LIBRARY = "libc++";
				CLANG_ENABLE_MODULES = YES;
				CLANG_ENABLE_OBJC_ARC = YES;
				CLANG_ENABLE_OBJC_WEAK = YES;
				CLANG_WARN_BLOCK_CAPTURE_AUTORELEASING = YES;
				CLANG_WARN_BOOL_CONVERSION = YES;
				CLANG_WARN_COMMA = YES;
				CLANG_WARN_CONSTANT_CONVERSION = YES;
				CLANG_WARN_DEPRECATED_OBJC_IMPLEMENTATIONS = YES;
				CLANG_WARN_DIRECT_OBJC_ISA_USAGE = YES_ERROR;
				CLANG_WARN_DOCUMENTATION_COMMENTS = YES;
				CLANG_WARN_EMPTY_BODY = YES;
				CLANG_WARN_ENUM_CONVERSION = YES;
				CLANG_WARN_INFINITE_RECURSION = YES;
				CLANG_WARN_INT_CONVERSION = YES;
				CLANG_WARN_NON_LITERAL_NULL_CONVERSION = YES;
				CLANG_WARN_OBJC_IMPLICIT_RETAIN_SELF = YES;
				CLANG_WARN_OBJC_LITERAL_CONVERSION = YES;
				CLANG_WARN_OBJC_ROOT_CLASS = YES_ERROR;
				CLANG_WARN_RANGE_LOOP_ANALYSIS = YES;
				CLANG_WARN_STRICT_PROTOTYPES = YES;
				CLANG_WARN_SUSPICIOUS_MOVE = YES;
				CLANG_WARN_UNGUARDED_AVAILABILITY = YES_AGGRESSIVE;
				CLANG_WARN_UNREACHABLE_CODE = YES;
				CLANG_WARN__DUPLICATE_METHOD_MATCH = YES;
				COPY_PHASE_STRIP = NO;
				DEBUG_INFORMATION_FORMAT = "dwarf-with-dsym";
				ENABLE_NS_ASSERTIONS = NO;
				ENABLE_STRICT_OBJC_MSGSEND = YES;
				GCC_C_LANGUAGE_STANDARD = gnu11;
				GCC_NO_COMMON_BLOCKS = YES;
				GCC_WARN_64_TO_32_BIT_CONVERSION = YES;
				GCC_WARN_ABOUT_RETURN_TYPE = YES_ERROR;
				GCC_WARN_UNDECLARED_SELECTOR = YES;
				GCC_WARN_UNINITIALIZED_AUTOS = YES_AGGRESSIVE;
				GCC_WARN_UNUSED_FUNCTION = YES;
				GCC_WARN_UNUSED_VARIABLE = YES;
				IPHONEOS_DEPLOYMENT_TARGET = 13.2;
				MTL_ENABLE_DEBUG_INFO = NO;
				MTL_FAST_MATH = YES;
				SDKROOT = iphoneos;
				SWIFT_COMPILATION_MODE = wholemodule;
				SWIFT_OPTIMIZATION_LEVEL = "-O";
				VALIDATE_PRODUCT = YES;
			};
			name = Release;
		};
		D55F1B9123CF441B00E3C942 /* Debug */ = {
			isa = XCBuildConfiguration;
			buildSettings = {
				ASSETCATALOG_COMPILER_APPICON_NAME = AppIcon;
				CODE_SIGN_STYLE = Automatic;
				INFOPLIST_FILE = PreTest/Info.plist;
				LD_RUNPATH_SEARCH_PATHS = (
					"$(inherited)",
					"@executable_path/Frameworks",
				);
				PRODUCT_BUNDLE_IDENTIFIER = id.alfian.pretest;
				PRODUCT_NAME = "$(TARGET_NAME)";
				SWIFT_VERSION = 5.0;
				TARGETED_DEVICE_FAMILY = "1,2";
			};
			name = Debug;
		};
		D55F1B9223CF441B00E3C942 /* Release */ = {
			isa = XCBuildConfiguration;
			buildSettings = {
				ASSETCATALOG_COMPILER_APPICON_NAME = AppIcon;
				CODE_SIGN_STYLE = Automatic;
				INFOPLIST_FILE = PreTest/Info.plist;
				LD_RUNPATH_SEARCH_PATHS = (
					"$(inherited)",
					"@executable_path/Frameworks",
				);
				PRODUCT_BUNDLE_IDENTIFIER = id.alfian.pretest;
				PRODUCT_NAME = "$(TARGET_NAME)";
				SWIFT_VERSION = 5.0;
				TARGETED_DEVICE_FAMILY = "1,2";
			};
			name = Release;
		};
/* End XCBuildConfiguration section */

/* Begin XCConfigurationList section */
		D55F1B7723CF441600E3C942 /* Build configuration list for PBXProject "PreTest" */ = {
			isa = XCConfigurationList;
			buildConfigurations = (
				D55F1B8E23CF441B00E3C942 /* Debug */,
				D55F1B8F23CF441B00E3C942 /* Release */,
			);
			defaultConfigurationIsVisible = 0;
			defaultConfigurationName = Release;
		};
		D55F1B9023CF441B00E3C942 /* Build configuration list for PBXNativeTarget "PreTest" */ = {
			isa = XCConfigurationList;
			buildConfigurations = (
				D55F1B9123CF441B00E3C942 /* Debug */,
				D55F1B9223CF441B00E3C942 /* Release */,
			);
			defaultConfigurationIsVisible = 0;
			defaultConfigurationName = Release;
		};
/* End XCConfigurationList section */
	};
	rootObject = D55F1B7423CF441600E3C942 /* Project object */;
}
